
Microsoft Visual Studio Solution File, Format Version 12.00
# Visual Studio Version 17
VisualStudioVersion = 17.7.34003.232
MinimumVisualStudioVersion = 10.0.40219.1
Project("{9A19103F-16F7-4668-BE54-9A1E7A4F7556}") = "EmployeePairFinder", "EmployeePairFinder\EmployeePairFinder.csproj", "{0C9C08F2-8806-491F-8608-1C15850C4E5F}"
EndProject
Project("{9A19103F-16F7-4668-BE54-9A1E7A4F7556}") = "EmployeePairFinder.Tests", "EmployeePairFinder.Tests\EmployeePairFinder.Tests.csproj", "{F21E3D15-0ABA-4149-A226-A7E68B06F8AC}"
EndProject
Global
	GlobalSection(SolutionConfigurationPlatforms) = preSolution
		Debug|Any CPU = Debug|Any CPU
		Release|Any CPU = Release|Any CPU
	EndGlobalSection
	GlobalSection(ProjectConfigurationPlatforms) = postSolution
		{0C9C08F2-8806-491F-8608-1C15850C4E5F}.Debug|Any CPU.ActiveCfg = Debug|Any CPU
		{0C9C08F2-8806-491F-8608-1C15850C4E5F}.Debug|Any CPU.Build.0 = Debug|Any CPU
		{0C9C08F2-8806-491F-8608-1C15850C4E5F}.Release|Any CPU.ActiveCfg = Release|Any CPU
		{0C9C08F2-8806-491F-8608-1C15850C4E5F}.Release|Any CPU.Build.0 = Release|Any CPU
		{F21E3D15-0ABA-4149-A226-A7E68B06F8AC}.Debug|Any CPU.ActiveCfg = Debug|Any CPU
		{F21E3D15-0ABA-4149-A226-A7E68B06F8AC}.Debug|Any CPU.Build.0 = Debug|Any CPU
		{F21E3D15-0ABA-4149-A226-A7E68B06F8AC}.Release|Any CPU.ActiveCfg = Release|Any CPU
		{F21E3D15-0ABA-4149-A226-A7E68B06F8AC}.Release|Any CPU.Build.0 = Release|Any CPU
	EndGlobalSection
	GlobalSection(SolutionProperties) = preSolution
		HideSolutionNode = FALSE
	EndGlobalSection
	GlobalSection(ExtensibilityGlobals) = postSolution
		SolutionGuid = {BDD8A5A0-1AC9-4D9E-9588-64C36C393CCD}
	EndGlobalSection
EndGlobal
